<?xml version="1.0" encoding="utf-8"?>
<Project ToolsVersion="4.0" xmlns="http://schemas.microsoft.com/developer/msbuild/2003">
  <ItemGroup>
    <Filter Include="99.Define">
      <UniqueIdentifier>{9ddc8736-c26d-43dc-a152-caa2c32c9a9c}</UniqueIdentifier>
    </Filter>
    <Filter Include="00.System">
      <UniqueIdentifier>{8100998e-2e7f-45da-8a1e-fe2b27a37b46}</UniqueIdentifier>
    </Filter>
    <Filter Include="01.Utility">
      <UniqueIdentifier>{3026eddb-2423-433f-8f15-d26b66d1b17a}</UniqueIdentifier>
    </Filter>
    <Filter Include="01.Utility\00.GameInstance">
      <UniqueIdentifier>{bce24435-b0fd-40ba-9116-bd34a43afce5}</UniqueIdentifier>
    </Filter>
    <Filter Include="99.Define\99.Extra">
      <UniqueIdentifier>{1fdcb133-bf8c-4621-8d8a-a7f733ce50eb}</UniqueIdentifier>
    </Filter>
    <Filter Include="00.System\01.Timer">
      <UniqueIdentifier>{949f7e62-d3b9-4f78-bd99-d94eade55db0}</UniqueIdentifier>
    </Filter>
    <Filter Include="00.System\01.Timer\00.Manager">
      <UniqueIdentifier>{cc48c55c-7d83-4a68-93b3-e319b9e21716}</UniqueIdentifier>
    </Filter>
    <Filter Include="00.System\00.Device">
      <UniqueIdentifier>{04357661-9724-4fc6-a18c-91b463c01409}</UniqueIdentifier>
    </Filter>
    <Filter Include="00.System\00.Device\00.Graphic">
      <UniqueIdentifier>{5c14ddb8-646a-46c9-b3f5-36dbc763e23a}</UniqueIdentifier>
    </Filter>
    <Filter Include="00.System\00.Device\01.Input">
      <UniqueIdentifier>{e217f90d-9115-40f9-96fe-88403755c1de}</UniqueIdentifier>
    </Filter>
    <Filter Include="99.Define\99.Extra\00.Batch">
      <UniqueIdentifier>{ad490b98-a464-4e9b-9a2e-5227bf38cb5e}</UniqueIdentifier>
    </Filter>
    <Filter Include="99.Define\99.Extra\01.Memo">
      <UniqueIdentifier>{e97d5864-a845-4f8e-a7de-0c05274140a5}</UniqueIdentifier>
    </Filter>
    <Filter Include="02.ShaderFiles">
      <UniqueIdentifier>{4a6dadde-e27b-47fa-9240-231dae7db42f}</UniqueIdentifier>
    </Filter>
    <Filter Include="01.Utility\00.GameInstance\99.Data">
      <UniqueIdentifier>{e69b33bd-058b-4c8a-8276-7a0115c94c7d}</UniqueIdentifier>
    </Filter>
    <Filter Include="01.Utility\99.Base">
      <UniqueIdentifier>{3ae3265a-afc5-438f-a1df-8286ee345775}</UniqueIdentifier>
    </Filter>
    <Filter Include="01.Utility\99.Base\00.Object">
      <UniqueIdentifier>{93c16631-f66a-4cba-b818-dc6c205a4b65}</UniqueIdentifier>
    </Filter>
    <Filter Include="01.Utility\99.Base\00.Object\00.Prototype">
      <UniqueIdentifier>{5ddb3bc9-fc7e-492f-8e73-631054609f8a}</UniqueIdentifier>
    </Filter>
    <Filter Include="00.System\00.Device\01.Input\99.Data">
      <UniqueIdentifier>{19773faf-4589-4716-b312-0c1b130a035c}</UniqueIdentifier>
    </Filter>
    <Filter Include="00.System\00.Device\01.Input\98.Interface">
      <UniqueIdentifier>{53655389-b8e4-424e-982e-67871747c8fd}</UniqueIdentifier>
    </Filter>
    <Filter Include="00.System\00.Device\00.Graphic\98.Interface">
      <UniqueIdentifier>{b1ce1881-6393-4c73-85f2-c95c36d10b3f}</UniqueIdentifier>
    </Filter>
    <Filter Include="00.System\01.Timer\00.Manager\98.Interface">
      <UniqueIdentifier>{8eb6c829-8cd4-4a88-8fb2-7e91294caccd}</UniqueIdentifier>
    </Filter>
    <Filter Include="01.Utility\01.PrototypeManager">
      <UniqueIdentifier>{66960fc3-e20f-436f-b53f-d4ac24d7c5c3}</UniqueIdentifier>
    </Filter>
    <Filter Include="01.Utility\01.PrototypeManager\98.Interface">
      <UniqueIdentifier>{e1107be3-4c61-4992-855c-bd242574e7c5}</UniqueIdentifier>
    </Filter>
    <Filter Include="01.Utility\02.Renderer">
      <UniqueIdentifier>{843e3d2b-8b99-4d49-9a32-2d513f658884}</UniqueIdentifier>
    </Filter>
    <Filter Include="01.Utility\03.PipeLine">
      <UniqueIdentifier>{0fe90cf7-647f-4955-88f6-9e13037f7eb4}</UniqueIdentifier>
    </Filter>
    <Filter Include="01.Utility\03.PipeLine\99.Data">
      <UniqueIdentifier>{5374e93c-d97a-4f6a-9caf-8f7572bdc816}</UniqueIdentifier>
    </Filter>
    <Filter Include="01.Utility\03.PipeLine\98.Interface">
      <UniqueIdentifier>{9308a0d5-8a0d-4b70-b6c3-8feb15c4139f}</UniqueIdentifier>
    </Filter>
    <Filter Include="01.Utility\98.Utils">
      <UniqueIdentifier>{9a241420-c08e-45df-8b50-dcd2ea79195f}</UniqueIdentifier>
    </Filter>
    <Filter Include="01.Utility\98.Utils\00.File">
      <UniqueIdentifier>{4fa5044e-adc7-41e5-a3b6-38b2e99654b8}</UniqueIdentifier>
    </Filter>
    <Filter Include="01.Utility\98.Utils\01.Math">
      <UniqueIdentifier>{affae2ea-5261-48a9-9f08-06d6d7efbecd}</UniqueIdentifier>
    </Filter>
    <Filter Include="01.Utility\02.Renderer\01.Renderer">
      <UniqueIdentifier>{96b7ff6d-2fb8-46a6-ab52-445d7bb46282}</UniqueIdentifier>
    </Filter>
    <Filter Include="01.Utility\02.Renderer\01.Renderer\98.Interface">
      <UniqueIdentifier>{5d2c4b09-477f-46ee-b48c-511e19806950}</UniqueIdentifier>
    </Filter>
    <Filter Include="01.Utility\02.Renderer\01.Renderer\99.Data">
      <UniqueIdentifier>{af2a39ff-6df4-43b0-a4aa-ac4689c4c552}</UniqueIdentifier>
    </Filter>
    <Filter Include="01.Utility\02.Renderer\00.RenderTarget">
      <UniqueIdentifier>{256343fc-da0d-45aa-8cca-7d6080cf12ff}</UniqueIdentifier>
    </Filter>
    <Filter Include="01.Utility\02.Renderer\00.RenderTarget\00.Manager">
      <UniqueIdentifier>{4045e5a9-5353-4624-9781-85e8cda4766d}</UniqueIdentifier>
    </Filter>
    <Filter Include="01.Utility\02.Renderer\00.RenderTarget\00.Manager\98.Interface">
      <UniqueIdentifier>{65643b38-50a1-4157-9b9e-032019bbe550}</UniqueIdentifier>
    </Filter>
    <Filter Include="01.Utility\04.Frustum">
      <UniqueIdentifier>{199f83ce-f5d1-48a2-8308-fc4dc28c9c22}</UniqueIdentifier>
    </Filter>
    <Filter Include="01.Utility\05.World">
      <UniqueIdentifier>{b56956bb-4704-4cc5-94c0-95b18815a9da}</UniqueIdentifier>
    </Filter>
    <Filter Include="01.Utility\05.World\98.Interface">
      <UniqueIdentifier>{f23b7148-9413-4ee1-a348-22df788e06ba}</UniqueIdentifier>
    </Filter>
    <Filter Include="01.Utility\06.Level">
      <UniqueIdentifier>{0df041b4-e946-4840-a393-2db3c7823dd7}</UniqueIdentifier>
    </Filter>
    <Filter Include="01.Utility\07.Layer">
      <UniqueIdentifier>{b24566a0-7bd1-4ce4-817a-c973b7cb7bd2}</UniqueIdentifier>
    </Filter>
    <Filter Include="01.Utility\08.Actor">
      <UniqueIdentifier>{4da2823c-e49f-4b47-a720-0da8dbca1093}</UniqueIdentifier>
    </Filter>
    <Filter Include="01.Utility\08.Actor\99.Data">
      <UniqueIdentifier>{b4056545-3831-4ac3-a7ce-2e662a1d0bda}</UniqueIdentifier>
    </Filter>
    <Filter Include="01.Utility\08.Actor\00.Character">
      <UniqueIdentifier>{8fb57b75-800d-4efc-84aa-cc11449d383f}</UniqueIdentifier>
    </Filter>
    <Filter Include="01.Utility\08.Actor\00.Character\99.Data">
      <UniqueIdentifier>{7f0fb51f-42c3-4533-a7ce-6a3eb66f3e7a}</UniqueIdentifier>
    </Filter>
    <Filter Include="01.Utility\09.ActorComponent">
      <UniqueIdentifier>{8954c7d2-a3db-42a1-913e-cb4262602ebd}</UniqueIdentifier>
    </Filter>
    <Filter Include="01.Utility\09.ActorComponent\00.SceneComponent">
      <UniqueIdentifier>{411d8aed-fc79-4ba0-a51a-db8d836dfe77}</UniqueIdentifier>
    </Filter>
    <Filter Include="01.Utility\09.ActorComponent\00.SceneComponent\99.Data">
      <UniqueIdentifier>{4c6e15ef-bcfe-4fc9-a4df-c69c705999a9}</UniqueIdentifier>
    </Filter>
    <Filter Include="01.Utility\09.ActorComponent\01.MovementComponent">
      <UniqueIdentifier>{12705627-e63f-4a05-93b8-ff35da551d40}</UniqueIdentifier>
    </Filter>
    <Filter Include="01.Utility\09.ActorComponent\01.MovementComponent\00.CharacterMovementComponent">
      <UniqueIdentifier>{3e0d2ee5-fd5f-4af3-abd5-adfd3d05aac9}</UniqueIdentifier>
    </Filter>
    <Filter Include="01.Utility\09.ActorComponent\01.MovementComponent\00.CharacterMovementComponent\99.Data">
      <UniqueIdentifier>{1a404f22-5765-4bd0-aef9-735920767698}</UniqueIdentifier>
    </Filter>
    <Filter Include="01.Utility\09.ActorComponent\01.MovementComponent\99.Data">
      <UniqueIdentifier>{6789153a-59b3-47f4-887d-4ec7b3f5313c}</UniqueIdentifier>
    </Filter>
    <Filter Include="01.Utility\09.ActorComponent\99.Data">
      <UniqueIdentifier>{9e873247-6060-4f70-b352-e2417a98e553}</UniqueIdentifier>
    </Filter>
    <Filter Include="01.Utility\09.ActorComponent\02.NavigationComponent">
      <UniqueIdentifier>{2a95ace0-572e-4506-9b6b-9550e8fa2a84}</UniqueIdentifier>
    </Filter>
    <Filter Include="01.Utility\09.ActorComponent\02.NavigationComponent\99.Data">
      <UniqueIdentifier>{9aca617b-1c7b-4bf1-ac10-650e5a8e696a}</UniqueIdentifier>
    </Filter>
    <Filter Include="01.Utility\12.Tool">
      <UniqueIdentifier>{107f282c-83cc-4113-b409-ba7e120499ae}</UniqueIdentifier>
    </Filter>
    <Filter Include="01.Utility\12.Tool\98.Interface">
      <UniqueIdentifier>{7ed81414-9e50-4d30-9fb7-477b1584d974}</UniqueIdentifier>
    </Filter>
    <Filter Include="01.Utility\04.Frustum\98.Interface">
      <UniqueIdentifier>{273cd5ad-7a59-4cdd-8215-504f00bf070e}</UniqueIdentifier>
    </Filter>
    <Filter Include="01.Utility\09.ActorComponent\00.SceneComponent\01.CameraComponent">
      <UniqueIdentifier>{76cfbd4d-6e55-40bd-b5ab-1c130974c890}</UniqueIdentifier>
    </Filter>
    <Filter Include="01.Utility\09.ActorComponent\00.SceneComponent\01.CameraComponent\99.Data">
      <UniqueIdentifier>{a342ad26-23fc-432c-8d2c-816a4b6c6631}</UniqueIdentifier>
    </Filter>
    <Filter Include="01.Utility\09.ActorComponent\00.SceneComponent\02.SpringArmComponent">
      <UniqueIdentifier>{6fc9f812-6e7b-4f3f-b780-29f8ec1707ee}</UniqueIdentifier>
    </Filter>
    <Filter Include="01.Utility\09.ActorComponent\00.SceneComponent\02.SpringArmComponent\99.Data">
      <UniqueIdentifier>{66fc7fef-74c5-4ef5-bc9c-e920195a2528}</UniqueIdentifier>
    </Filter>
    <Filter Include="01.Utility\09.ActorComponent\00.SceneComponent\00.PrimitiveComponent">
      <UniqueIdentifier>{725b34a0-e8fe-4d64-93de-73e3c4d3f274}</UniqueIdentifier>
    </Filter>
    <Filter Include="01.Utility\09.ActorComponent\00.SceneComponent\00.PrimitiveComponent\99.Data">
      <UniqueIdentifier>{101fa03e-0b54-4b71-8274-517f69acf798}</UniqueIdentifier>
    </Filter>
    <Filter Include="01.Utility\09.ActorComponent\00.SceneComponent\00.PrimitiveComponent\00.MeshComponent">
      <UniqueIdentifier>{3997c7a2-13ff-430a-a46a-8070bec37f34}</UniqueIdentifier>
    </Filter>
    <Filter Include="01.Utility\09.ActorComponent\00.SceneComponent\00.PrimitiveComponent\00.MeshComponent\00.StaticMeshComponent">
      <UniqueIdentifier>{9ebde7cf-6b66-48bc-9c81-d165733d4201}</UniqueIdentifier>
    </Filter>
    <Filter Include="01.Utility\09.ActorComponent\00.SceneComponent\00.PrimitiveComponent\00.MeshComponent\00.StaticMeshComponent\99.Data">
      <UniqueIdentifier>{ca015a8a-1e76-4002-b27d-ea87dbc74989}</UniqueIdentifier>
    </Filter>
    <Filter Include="01.Utility\09.ActorComponent\00.SceneComponent\00.PrimitiveComponent\00.MeshComponent\01.SkeletalMeshComponent">
      <UniqueIdentifier>{e219a5f8-d687-4a2d-b7c2-ad48917e68b1}</UniqueIdentifier>
    </Filter>
    <Filter Include="01.Utility\09.ActorComponent\00.SceneComponent\00.PrimitiveComponent\00.MeshComponent\01.SkeletalMeshComponent\99.Data">
      <UniqueIdentifier>{3aca304b-752f-435c-8c1d-c53a10f9e82f}</UniqueIdentifier>
    </Filter>
    <Filter Include="01.Utility\09.ActorComponent\00.SceneComponent\00.PrimitiveComponent\01.TerrainComponent">
      <UniqueIdentifier>{a6de3aa6-f937-4c7e-8168-10d46ded7950}</UniqueIdentifier>
    </Filter>
    <Filter Include="01.Utility\09.ActorComponent\00.SceneComponent\00.PrimitiveComponent\01.TerrainComponent\99.Data">
      <UniqueIdentifier>{dceb4360-2ee5-4c50-9c65-14ff83f5c9af}</UniqueIdentifier>
    </Filter>
    <Filter Include="01.Utility\09.ActorComponent\00.SceneComponent\00.PrimitiveComponent\03.ParticleComponent">
      <UniqueIdentifier>{733b27b0-dc0e-4bb0-93f1-f395171aae0a}</UniqueIdentifier>
    </Filter>
    <Filter Include="01.Utility\09.ActorComponent\00.SceneComponent\00.PrimitiveComponent\03.ParticleComponent\99.Data">
      <UniqueIdentifier>{79ce764d-8681-43c1-9ebc-4190ab30ddf3}</UniqueIdentifier>
    </Filter>
    <Filter Include="01.Utility\09.ActorComponent\00.SceneComponent\03.LightComponent">
      <UniqueIdentifier>{1be47d92-84e9-45ed-bd1e-36230c9aea3f}</UniqueIdentifier>
    </Filter>
    <Filter Include="01.Utility\09.ActorComponent\00.SceneComponent\03.LightComponent\99.Data">
      <UniqueIdentifier>{2b222136-99dc-483b-8f71-030b91f286d3}</UniqueIdentifier>
    </Filter>
    <Filter Include="01.Utility\09.ActorComponent\00.SceneComponent\00.PrimitiveComponent\04.CubeComponent">
      <UniqueIdentifier>{bbd0f2ec-b86d-4029-a049-4b9ecf2fbda6}</UniqueIdentifier>
    </Filter>
    <Filter Include="01.Utility\09.ActorComponent\00.SceneComponent\00.PrimitiveComponent\04.CubeComponent\99.Data">
      <UniqueIdentifier>{5fd2083b-e0d2-4d18-9267-2198b8d53709}</UniqueIdentifier>
    </Filter>
    <Filter Include="01.Utility\09.ActorComponent\00.SceneComponent\00.PrimitiveComponent\02.ColliderComponent">
      <UniqueIdentifier>{4be388df-9aff-4131-a3c4-27ace4890dcd}</UniqueIdentifier>
    </Filter>
    <Filter Include="01.Utility\09.ActorComponent\00.SceneComponent\00.PrimitiveComponent\02.ColliderComponent\99.Data">
      <UniqueIdentifier>{73062ef0-09a1-4daa-9a5b-0df8d145b268}</UniqueIdentifier>
    </Filter>
    <Filter Include="01.Utility\09.ActorComponent\00.SceneComponent\00.PrimitiveComponent\05.UIComponent">
      <UniqueIdentifier>{d6e739aa-9b0f-45b7-a6b8-f97c207909c5}</UniqueIdentifier>
    </Filter>
    <Filter Include="01.Utility\09.ActorComponent\00.SceneComponent\00.PrimitiveComponent\05.UIComponent\99.Data">
      <UniqueIdentifier>{4f48614a-676b-4d3c-ab46-4403254b49c7}</UniqueIdentifier>
    </Filter>
    <Filter Include="01.Utility\08.Actor\01.Camera">
      <UniqueIdentifier>{21627562-e9c8-4b0a-a2c8-d86001b8beaf}</UniqueIdentifier>
    </Filter>
    <Filter Include="01.Utility\08.Actor\01.Camera\99.Data">
      <UniqueIdentifier>{2418499b-6d33-4595-812c-5219bff0d0d8}</UniqueIdentifier>
    </Filter>
    <Filter Include="01.Utility\08.Actor\02.Terrain">
      <UniqueIdentifier>{9845a05c-63d3-48ef-b2b3-2f05c21a7778}</UniqueIdentifier>
    </Filter>
    <Filter Include="01.Utility\08.Actor\02.Terrain\99.Data">
      <UniqueIdentifier>{8063d80b-c0b5-46c1-be48-eff5017248a5}</UniqueIdentifier>
    </Filter>
    <Filter Include="01.Utility\08.Actor\03.Light">
      <UniqueIdentifier>{eb1c573e-c48d-4914-b586-30d99f56eac4}</UniqueIdentifier>
    </Filter>
    <Filter Include="01.Utility\08.Actor\03.Light\99.Data">
      <UniqueIdentifier>{be2f0b53-a2c0-4f88-a9b8-2e8d6479affb}</UniqueIdentifier>
    </Filter>
    <Filter Include="01.Utility\08.Actor\04.SkyBox">
      <UniqueIdentifier>{06c743e8-0303-4f5d-9c19-45bca0cd9ff2}</UniqueIdentifier>
    </Filter>
    <Filter Include="01.Utility\08.Actor\04.SkyBox\99.Data">
      <UniqueIdentifier>{ac131047-0a2e-413e-a213-7ec9e5fdb19e}</UniqueIdentifier>
    </Filter>
    <Filter Include="01.Utility\08.Actor\05.Particle">
      <UniqueIdentifier>{906cacba-022a-451b-bb18-eec802bdad74}</UniqueIdentifier>
    </Filter>
    <Filter Include="01.Utility\10.Animation">
      <UniqueIdentifier>{c57e7f23-9c01-42d5-a4bb-2b21e9ec3ae2}</UniqueIdentifier>
    </Filter>
    <Filter Include="01.Utility\11.Resource">
      <UniqueIdentifier>{ff852fcd-73cd-4c96-91fa-6fc035ca4e33}</UniqueIdentifier>
    </Filter>
    <Filter Include="01.Utility\11.Resource\00.VIBuffer">
      <UniqueIdentifier>{8680df0c-69a6-41af-aa17-f7d1d1dbe63a}</UniqueIdentifier>
    </Filter>
    <Filter Include="01.Utility\11.Resource\00.VIBuffer\03.Cell">
      <UniqueIdentifier>{829e306f-f14c-441d-ac3b-734f257fe890}</UniqueIdentifier>
    </Filter>
    <Filter Include="01.Utility\11.Resource\00.VIBuffer\03.Cell\99.Data">
      <UniqueIdentifier>{637608a3-5fb6-498f-8256-dfc778cbc3d8}</UniqueIdentifier>
    </Filter>
    <Filter Include="01.Utility\11.Resource\00.VIBuffer\02.Terrain">
      <UniqueIdentifier>{b1f52113-6cd7-4374-90fb-386f8485e534}</UniqueIdentifier>
    </Filter>
    <Filter Include="01.Utility\11.Resource\00.VIBuffer\02.Terrain\99.Data">
      <UniqueIdentifier>{b2903964-b416-452a-9fb3-8a90aa9731e7}</UniqueIdentifier>
    </Filter>
    <Filter Include="01.Utility\11.Resource\00.VIBuffer\01.Cube">
      <UniqueIdentifier>{1e1ae032-c89f-4067-94c1-90fc67174657}</UniqueIdentifier>
    </Filter>
    <Filter Include="01.Utility\11.Resource\00.VIBuffer\01.Cube\99.Data">
      <UniqueIdentifier>{7fff5b61-52a6-481a-b372-9b9f04f3cdb7}</UniqueIdentifier>
    </Filter>
    <Filter Include="01.Utility\11.Resource\00.VIBuffer\00.Rect">
      <UniqueIdentifier>{2ca3b49a-0f03-4319-9c3f-3349938a0c3c}</UniqueIdentifier>
    </Filter>
    <Filter Include="01.Utility\11.Resource\00.VIBuffer\00.Rect\99.Data">
      <UniqueIdentifier>{976f745d-e175-4153-abef-debdc47c925e}</UniqueIdentifier>
    </Filter>
    <Filter Include="01.Utility\11.Resource\00.VIBuffer\04.Instancing">
      <UniqueIdentifier>{cf214fcc-d5e3-4882-bec1-37eba7ca12b1}</UniqueIdentifier>
    </Filter>
    <Filter Include="01.Utility\11.Resource\00.VIBuffer\04.Instancing\99.Data">
      <UniqueIdentifier>{bfe87087-a731-45a6-9b25-da01fe611d17}</UniqueIdentifier>
    </Filter>
    <Filter Include="01.Utility\11.Resource\00.VIBuffer\04.Instancing\00.Rect">
      <UniqueIdentifier>{84fc01e1-3cd1-4475-a719-13d929a83f4c}</UniqueIdentifier>
    </Filter>
    <Filter Include="01.Utility\11.Resource\00.VIBuffer\04.Instancing\00.Rect\99.Data">
      <UniqueIdentifier>{408080bd-e633-43ec-ab17-e42418ba2499}</UniqueIdentifier>
    </Filter>
    <Filter Include="01.Utility\11.Resource\00.VIBuffer\04.Instancing\01.Point">
      <UniqueIdentifier>{04dd125e-a6b7-4369-b0c3-7f15e976d75f}</UniqueIdentifier>
    </Filter>
    <Filter Include="01.Utility\11.Resource\00.VIBuffer\04.Instancing\01.Point\99.Data">
      <UniqueIdentifier>{19299fdc-ddec-4be7-a3a0-eea46e751329}</UniqueIdentifier>
    </Filter>
    <Filter Include="01.Utility\11.Resource\02.Texture">
      <UniqueIdentifier>{f51c9e03-f779-417c-a2d2-9c8c0f6954ff}</UniqueIdentifier>
    </Filter>
    <Filter Include="01.Utility\11.Resource\01.Shader">
      <UniqueIdentifier>{61b01831-fd7f-4bd4-ba6a-e1ff7d5a2725}</UniqueIdentifier>
    </Filter>
    <Filter Include="01.Utility\11.Resource\03.Model">
      <UniqueIdentifier>{b0355c05-563a-4584-bff8-9abca5c56655}</UniqueIdentifier>
    </Filter>
    <Filter Include="01.Utility\11.Resource\03.Model\01.Skeleton">
      <UniqueIdentifier>{ea8e9b85-156a-44dd-a8d3-3449feea59db}</UniqueIdentifier>
    </Filter>
    <Filter Include="01.Utility\11.Resource\03.Model\01.Skeleton\00.Bone">
      <UniqueIdentifier>{c94f4727-9c49-4865-9ecf-1eecf25405e2}</UniqueIdentifier>
    </Filter>
    <Filter Include="01.Utility\11.Resource\03.Model\00.Mesh">
      <UniqueIdentifier>{8039f490-9508-4fcb-bbdc-d2038bbb3ca7}</UniqueIdentifier>
    </Filter>
    <Filter Include="01.Utility\11.Resource\03.Model\00.Mesh\00.StaticMesh">
      <UniqueIdentifier>{b49095e7-9655-4fad-bc5b-652e45e9a707}</UniqueIdentifier>
    </Filter>
    <Filter Include="01.Utility\11.Resource\03.Model\00.Mesh\00.StaticMesh\99.Data">
      <UniqueIdentifier>{b808757e-3741-4b6c-9247-70e7eb81b915}</UniqueIdentifier>
    </Filter>
    <Filter Include="01.Utility\11.Resource\03.Model\00.Mesh\01.SkeletalMesh">
      <UniqueIdentifier>{2fb14fb1-82bf-43ff-a080-2f991d4b19fd}</UniqueIdentifier>
    </Filter>
    <Filter Include="01.Utility\11.Resource\03.Model\00.Mesh\01.SkeletalMesh\99.Data">
      <UniqueIdentifier>{fcb5a855-8856-405b-96b1-bc092895c8b9}</UniqueIdentifier>
    </Filter>
    <Filter Include="01.Utility\11.Resource\03.Model\00.Mesh\99.Data">
      <UniqueIdentifier>{0a6ec38f-8689-4c4f-8bd1-4bd9df41b12a}</UniqueIdentifier>
    </Filter>
    <Filter Include="01.Utility\11.Resource\03.Model\02.Material">
      <UniqueIdentifier>{81876481-260f-4e46-b114-4faa5e48c160}</UniqueIdentifier>
    </Filter>
    <Filter Include="01.Utility\11.Resource\03.Model\03.Animation">
      <UniqueIdentifier>{8e4d62f9-7e86-4198-af42-fde85a54db72}</UniqueIdentifier>
    </Filter>
    <Filter Include="01.Utility\11.Resource\03.Model\03.Animation\00.Channel">
      <UniqueIdentifier>{c16907d3-694a-4049-91cf-da1742111a88}</UniqueIdentifier>
    </Filter>
    <Filter Include="01.Utility\11.Resource\03.Model\03.Animation\99.Data">
      <UniqueIdentifier>{e2b0ad79-1866-42c6-b4b3-df8d684bced8}</UniqueIdentifier>
    </Filter>
    <Filter Include="01.Utility\11.Resource\04.Navigation">
      <UniqueIdentifier>{ed5c5954-b11c-4a86-a669-5007cf9ce811}</UniqueIdentifier>
    </Filter>
    <Filter Include="01.Utility\11.Resource\04.Navigation\00.Cell">
      <UniqueIdentifier>{80fa3a3e-d6f2-418d-9ec0-16ff92ef3c88}</UniqueIdentifier>
    </Filter>
    <Filter Include="01.Utility\11.Resource\04.Navigation\00.Cell\99.Data">
      <UniqueIdentifier>{8d1bfd00-8d84-4c08-87e0-5cd063aa8b22}</UniqueIdentifier>
    </Filter>
    <Filter Include="01.Utility\11.Resource\05.Collider">
      <UniqueIdentifier>{67b4e534-f82f-487f-82c2-d01fe558362f}</UniqueIdentifier>
    </Filter>
    <Filter Include="01.Utility\11.Resource\05.Collider\00.AABB">
      <UniqueIdentifier>{6df65d2b-0c57-440c-85bb-84081e668c62}</UniqueIdentifier>
    </Filter>
    <Filter Include="01.Utility\11.Resource\05.Collider\01.OBB">
      <UniqueIdentifier>{e8ee59ed-74f3-46b0-a04e-5e05d7455465}</UniqueIdentifier>
    </Filter>
    <Filter Include="01.Utility\11.Resource\05.Collider\02.Sphere">
      <UniqueIdentifier>{ab0fe8ff-f1b6-48e0-b117-eb9e3902d4bc}</UniqueIdentifier>
    </Filter>
    <Filter Include="01.Utility\11.Resource\05.Collider\99.Data">
      <UniqueIdentifier>{59d81344-eaf3-4d23-acd4-d4b9a3ccefa4}</UniqueIdentifier>
    </Filter>
    <Filter Include="01.Utility\11.Resource\99.DebugDraw">
      <UniqueIdentifier>{48b958e6-183b-4874-9528-941b63587d39}</UniqueIdentifier>
    </Filter>
    <Filter Include="01.Utility\11.Resource\06.Font">
      <UniqueIdentifier>{10a2dedb-55c5-4cc1-958e-6a8f947eaa8f}</UniqueIdentifier>
    </Filter>
    <Filter Include="01.Utility\11.Resource\06.Font\00.Manager">
      <UniqueIdentifier>{816143d4-6c8b-41c7-ad1b-f726ece2c70b}</UniqueIdentifier>
    </Filter>
    <Filter Include="01.Utility\11.Resource\06.Font\00.Manager\98.Interface">
      <UniqueIdentifier>{9f32491d-9977-4bb2-8a29-4284dcdf8c1f}</UniqueIdentifier>
    </Filter>
    <Filter Include="01.Utility\10.Animation\01.AnimState">
      <UniqueIdentifier>{d59d626d-c20b-4d3c-94eb-8cbcd462925d}</UniqueIdentifier>
    </Filter>
    <Filter Include="01.Utility\10.Animation\00.AnimStateMacine">
      <UniqueIdentifier>{ef6c694c-e8e7-40b0-b227-463b127e3262}</UniqueIdentifier>
    </Filter>
    <Filter Include="00.System\02.Sound">
      <UniqueIdentifier>{f2beb9c0-9442-4e89-8fea-52ad05ff5397}</UniqueIdentifier>
    </Filter>
    <Filter Include="00.System\02.Sound\98.Interface">
      <UniqueIdentifier>{d2cc94e2-7183-465a-98c1-89e698ef6efc}</UniqueIdentifier>
    </Filter>
    <Filter Include="00.System\02.Sound\99.Data">
      <UniqueIdentifier>{17f10cf1-a037-4f06-b4de-000dab8c65fd}</UniqueIdentifier>
    </Filter>
    <Filter Include="01.Utility\11.Resource\03.Model\02.Material\99.Data">
      <UniqueIdentifier>{91e9997d-c9ce-456c-b2af-0081b9d57868}</UniqueIdentifier>
    </Filter>
  </ItemGroup>
  <ItemGroup>
    <ClInclude Include="..\Public\Engine_Define.h">
      <Filter>99.Define</Filter>
    </ClInclude>
    <ClInclude Include="..\Public\Engine_Function.h">
      <Filter>99.Define</Filter>
    </ClInclude>
    <ClInclude Include="..\Public\Engine_Macro.h">
      <Filter>99.Define</Filter>
    </ClInclude>
    <ClInclude Include="..\Public\Engine_Typedef.h">
      <Filter>99.Define</Filter>
    </ClInclude>
    <ClInclude Include="..\Public\CTimerManager.h">
      <Filter>00.System\01.Timer\00.Manager</Filter>
    </ClInclude>
    <ClInclude Include="..\Public\CTimer.h">
      <Filter>00.System\01.Timer</Filter>
    </ClInclude>
    <ClInclude Include="..\Public\CGameInstance.h">
      <Filter>01.Utility\00.GameInstance</Filter>
    </ClInclude>
    <ClInclude Include="..\Public\CLevel.h">
      <Filter>01.Utility\06.Level</Filter>
    </ClInclude>
    <ClInclude Include="..\Public\ERender.h">
      <Filter>01.Utility\02.Renderer\01.Renderer\99.Data</Filter>
    </ClInclude>
    <ClInclude Include="..\Public\CVIBuffer_Rect.h">
      <Filter>01.Utility\11.Resource\00.VIBuffer\00.Rect</Filter>
    </ClInclude>
    <ClInclude Include="..\Public\CShader.h">
      <Filter>01.Utility\11.Resource\01.Shader</Filter>
    </ClInclude>
    <ClInclude Include="..\Public\CVIBuffer_Terrain.h">
      <Filter>01.Utility\11.Resource\00.VIBuffer\02.Terrain</Filter>
    </ClInclude>
    <ClInclude Include="..\Public\CCameraComponent.h">
      <Filter>01.Utility\09.ActorComponent\00.SceneComponent\01.CameraComponent</Filter>
    </ClInclude>
    <ClInclude Include="..\Public\CPipeLine.h">
      <Filter>01.Utility\03.PipeLine</Filter>
    </ClInclude>
    <ClInclude Include="..\Public\ED3DTransform.h">
      <Filter>01.Utility\03.PipeLine\99.Data</Filter>
    </ClInclude>
    <ClInclude Include="..\Public\CGraphicDevice.h">
      <Filter>00.System\00.Device\00.Graphic</Filter>
    </ClInclude>
    <ClInclude Include="..\Public\EKeyState.h">
      <Filter>00.System\00.Device\01.Input\99.Data</Filter>
    </ClInclude>
    <ClInclude Include="..\Public\EMouseKey.h">
      <Filter>00.System\00.Device\01.Input\99.Data</Filter>
    </ClInclude>
    <ClInclude Include="..\Public\EMouseDir.h">
      <Filter>00.System\00.Device\01.Input\99.Data</Filter>
    </ClInclude>
    <ClInclude Include="..\Public\FEngine.h">
      <Filter>01.Utility\00.GameInstance\99.Data</Filter>
    </ClInclude>
    <ClInclude Include="..\Public\CMaterial.h">
      <Filter>01.Utility\11.Resource\03.Model\02.Material</Filter>
    </ClInclude>
    <ClInclude Include="..\Public\CAnimation.h">
      <Filter>01.Utility\11.Resource\03.Model\03.Animation</Filter>
    </ClInclude>
    <ClInclude Include="..\Public\CChannel.h">
      <Filter>01.Utility\11.Resource\03.Model\03.Animation\00.Channel</Filter>
    </ClInclude>
    <ClInclude Include="..\Public\FKeyFrame.h">
      <Filter>01.Utility\11.Resource\03.Model\03.Animation\99.Data</Filter>
    </ClInclude>
    <ClInclude Include="..\Public\CVIBuffer_Cell.h">
      <Filter>01.Utility\11.Resource\00.VIBuffer\03.Cell</Filter>
    </ClInclude>
    <ClInclude Include="..\Public\CWorld.h">
      <Filter>01.Utility\05.World</Filter>
    </ClInclude>
    <ClInclude Include="..\Public\CLayer.h">
      <Filter>01.Utility\07.Layer</Filter>
    </ClInclude>
    <ClInclude Include="..\Public\CActor.h">
      <Filter>01.Utility\08.Actor</Filter>
    </ClInclude>
    <ClInclude Include="..\Public\CActorComponent.h">
      <Filter>01.Utility\09.ActorComponent</Filter>
    </ClInclude>
    <ClInclude Include="..\Public\CSceneComponent.h">
      <Filter>01.Utility\09.ActorComponent\00.SceneComponent</Filter>
    </ClInclude>
    <ClInclude Include="..\Public\FSceneComponent.h">
      <Filter>01.Utility\09.ActorComponent\00.SceneComponent\99.Data</Filter>
    </ClInclude>
    <ClInclude Include="..\Public\CCharacterMovementComponent.h">
      <Filter>01.Utility\09.ActorComponent\01.MovementComponent\00.CharacterMovementComponent</Filter>
    </ClInclude>
    <ClInclude Include="..\Public\FCharacterMovementComponent.h">
      <Filter>01.Utility\09.ActorComponent\01.MovementComponent\00.CharacterMovementComponent\99.Data</Filter>
    </ClInclude>
    <ClInclude Include="..\Public\ETransformState.h">
      <Filter>01.Utility\09.ActorComponent\00.SceneComponent\99.Data</Filter>
    </ClInclude>
    <ClInclude Include="..\Public\ETransform.h">
      <Filter>01.Utility\09.ActorComponent\00.SceneComponent\99.Data</Filter>
    </ClInclude>
    <ClInclude Include="..\Public\FCameraComponent.h">
      <Filter>01.Utility\09.ActorComponent\00.SceneComponent\01.CameraComponent\99.Data</Filter>
    </ClInclude>
    <ClInclude Include="..\Public\FActor.h">
      <Filter>01.Utility\08.Actor\99.Data</Filter>
    </ClInclude>
    <ClInclude Include="..\Public\FVertex_PosTex.h">
      <Filter>01.Utility\11.Resource\00.VIBuffer\00.Rect\99.Data</Filter>
    </ClInclude>
    <ClInclude Include="..\Public\FVertex_NorTex.h">
      <Filter>01.Utility\11.Resource\00.VIBuffer\02.Terrain\99.Data</Filter>
    </ClInclude>
    <ClInclude Include="..\Public\FVertex_Pos.h">
      <Filter>01.Utility\11.Resource\00.VIBuffer\03.Cell\99.Data</Filter>
    </ClInclude>
    <ClInclude Include="..\Public\CVIBuffer.h">
      <Filter>01.Utility\11.Resource\00.VIBuffer</Filter>
    </ClInclude>
    <ClInclude Include="..\Public\CTexture.h">
      <Filter>01.Utility\11.Resource\02.Texture</Filter>
    </ClInclude>
    <ClInclude Include="..\Public\FVertex_SkeletalMesh.h">
      <Filter>01.Utility\11.Resource\03.Model\00.Mesh\01.SkeletalMesh\99.Data</Filter>
    </ClInclude>
    <ClInclude Include="..\Public\FVertex_StaticMesh.h">
      <Filter>01.Utility\11.Resource\03.Model\00.Mesh\00.StaticMesh\99.Data</Filter>
    </ClInclude>
    <ClInclude Include="..\Public\CMeshComponent.h">
      <Filter>01.Utility\09.ActorComponent\00.SceneComponent\00.PrimitiveComponent\00.MeshComponent</Filter>
    </ClInclude>
    <ClInclude Include="..\Public\CSkeleton.h">
      <Filter>01.Utility\11.Resource\03.Model\01.Skeleton</Filter>
    </ClInclude>
    <ClInclude Include="..\Public\CBone.h">
      <Filter>01.Utility\11.Resource\03.Model\01.Skeleton\00.Bone</Filter>
    </ClInclude>
    <ClInclude Include="..\Public\CStaticMeshComponent.h">
      <Filter>01.Utility\09.ActorComponent\00.SceneComponent\00.PrimitiveComponent\00.MeshComponent\00.StaticMeshComponent</Filter>
    </ClInclude>
    <ClInclude Include="..\Public\CSkeletalMeshComponent.h">
      <Filter>01.Utility\09.ActorComponent\00.SceneComponent\00.PrimitiveComponent\00.MeshComponent\01.SkeletalMeshComponent</Filter>
    </ClInclude>
    <ClInclude Include="..\Public\FLight.h">
      <Filter>01.Utility\08.Actor\03.Light\99.Data</Filter>
    </ClInclude>
    <ClInclude Include="..\Public\ELight.h">
      <Filter>01.Utility\08.Actor\03.Light\99.Data</Filter>
    </ClInclude>
    <ClInclude Include="..\Public\CObject.h">
      <Filter>01.Utility\99.Base\00.Object</Filter>
    </ClInclude>
    <ClInclude Include="..\Public\CClonable.h">
      <Filter>01.Utility\99.Base\00.Object\00.Prototype</Filter>
    </ClInclude>
    <ClInclude Include="..\Public\CPrototypeManager.h">
      <Filter>01.Utility\01.PrototypeManager</Filter>
    </ClInclude>
    <ClInclude Include="..\Public\CLight.h">
      <Filter>01.Utility\08.Actor\03.Light</Filter>
    </ClInclude>
    <ClInclude Include="..\Public\CTerrain.h">
      <Filter>01.Utility\08.Actor\02.Terrain</Filter>
    </ClInclude>
    <ClInclude Include="..\Public\CCharacter.h">
      <Filter>01.Utility\08.Actor\00.Character</Filter>
    </ClInclude>
    <ClInclude Include="..\Public\CMovementComponent.h">
      <Filter>01.Utility\09.ActorComponent\01.MovementComponent</Filter>
    </ClInclude>
    <ClInclude Include="..\Public\CTerrainComponent.h">
      <Filter>01.Utility\09.ActorComponent\00.SceneComponent\00.PrimitiveComponent\01.TerrainComponent</Filter>
    </ClInclude>
    <ClInclude Include="..\Public\IGraphicDevice.h">
      <Filter>00.System\00.Device\00.Graphic\98.Interface</Filter>
    </ClInclude>
    <ClInclude Include="..\Public\IInputDevice.h">
      <Filter>00.System\00.Device\01.Input\98.Interface</Filter>
    </ClInclude>
    <ClInclude Include="..\Public\CInputDevice.h">
      <Filter>00.System\00.Device\01.Input</Filter>
    </ClInclude>
    <ClInclude Include="..\Public\ITimerManager.h">
      <Filter>00.System\01.Timer\00.Manager\98.Interface</Filter>
    </ClInclude>
    <ClInclude Include="..\Public\IPrototypeManager.h">
      <Filter>01.Utility\01.PrototypeManager\98.Interface</Filter>
    </ClInclude>
    <ClInclude Include="..\Public\IRenderer.h">
      <Filter>01.Utility\02.Renderer\01.Renderer\98.Interface</Filter>
    </ClInclude>
    <ClInclude Include="..\Public\IPipeLine.h">
      <Filter>01.Utility\03.PipeLine\98.Interface</Filter>
    </ClInclude>
    <ClInclude Include="..\Public\IWorld.h">
      <Filter>01.Utility\05.World\98.Interface</Filter>
    </ClInclude>
    <ClInclude Include="..\Public\FMovementComponent.h">
      <Filter>01.Utility\09.ActorComponent\01.MovementComponent\99.Data</Filter>
    </ClInclude>
    <ClInclude Include="..\Public\CCamera.h">
      <Filter>01.Utility\08.Actor\01.Camera</Filter>
    </ClInclude>
    <ClInclude Include="..\Public\FCamera.h">
      <Filter>01.Utility\08.Actor\01.Camera\99.Data</Filter>
    </ClInclude>
    <ClInclude Include="..\Public\FCharacter.h">
      <Filter>01.Utility\08.Actor\00.Character\99.Data</Filter>
    </ClInclude>
    <ClInclude Include="..\Public\FTerrainComponent.h">
      <Filter>01.Utility\09.ActorComponent\00.SceneComponent\00.PrimitiveComponent\01.TerrainComponent\99.Data</Filter>
    </ClInclude>
    <ClInclude Include="..\Public\FTerrain.h">
      <Filter>01.Utility\08.Actor\02.Terrain\99.Data</Filter>
    </ClInclude>
    <ClInclude Include="..\Public\CStaticMesh.h">
      <Filter>01.Utility\11.Resource\03.Model\00.Mesh\00.StaticMesh</Filter>
    </ClInclude>
    <ClInclude Include="..\Public\CSkeletalMesh.h">
      <Filter>01.Utility\11.Resource\03.Model\00.Mesh\01.SkeletalMesh</Filter>
    </ClInclude>
    <ClInclude Include="..\Public\CMesh.h">
      <Filter>01.Utility\11.Resource\03.Model\00.Mesh</Filter>
    </ClInclude>
    <ClInclude Include="..\Public\FMeshMaterial.h">
      <Filter>01.Utility\11.Resource\03.Model\00.Mesh\99.Data</Filter>
    </ClInclude>
    <ClInclude Include="..\Public\FActorComponent.h">
      <Filter>01.Utility\09.ActorComponent\99.Data</Filter>
    </ClInclude>
    <ClInclude Include="..\Public\CFileUtility.h">
      <Filter>01.Utility\98.Utils\00.File</Filter>
    </ClInclude>
    <ClInclude Include="..\Public\FSkeletalMeshComponent.h">
      <Filter>01.Utility\09.ActorComponent\00.SceneComponent\00.PrimitiveComponent\00.MeshComponent\01.SkeletalMeshComponent\99.Data</Filter>
    </ClInclude>
    <ClInclude Include="..\Public\CSpringArmComponent.h">
      <Filter>01.Utility\09.ActorComponent\00.SceneComponent\02.SpringArmComponent</Filter>
    </ClInclude>
    <ClInclude Include="..\Public\FSpringArmComponent.h">
      <Filter>01.Utility\09.ActorComponent\00.SceneComponent\02.SpringArmComponent\99.Data</Filter>
    </ClInclude>
    <ClInclude Include="..\Public\CNavigationComponent.h">
      <Filter>01.Utility\09.ActorComponent\02.NavigationComponent</Filter>
    </ClInclude>
    <ClInclude Include="..\Public\ECell.h">
      <Filter>01.Utility\11.Resource\04.Navigation\00.Cell\99.Data</Filter>
    </ClInclude>
    <ClInclude Include="..\Public\FNavigationComponent.h">
      <Filter>01.Utility\09.ActorComponent\02.NavigationComponent\99.Data</Filter>
    </ClInclude>
    <ClInclude Include="..\Public\CColliderComponent.h">
      <Filter>01.Utility\09.ActorComponent\00.SceneComponent\00.PrimitiveComponent\02.ColliderComponent</Filter>
    </ClInclude>
    <ClInclude Include="..\Public\CCell.h">
      <Filter>01.Utility\11.Resource\04.Navigation\00.Cell</Filter>
    </ClInclude>
    <ClInclude Include="..\Public\DebugDraw.h">
      <Filter>01.Utility\11.Resource\99.DebugDraw</Filter>
    </ClInclude>
    <ClInclude Include="..\Public\CCollider.h">
      <Filter>01.Utility\11.Resource\05.Collider</Filter>
    </ClInclude>
    <ClInclude Include="..\Public\ECollider.h">
      <Filter>01.Utility\11.Resource\05.Collider\99.Data</Filter>
    </ClInclude>
    <ClInclude Include="..\Public\CCollider_AABB.h">
      <Filter>01.Utility\11.Resource\05.Collider\00.AABB</Filter>
    </ClInclude>
    <ClInclude Include="..\Public\CCollider_OBB.h">
      <Filter>01.Utility\11.Resource\05.Collider\01.OBB</Filter>
    </ClInclude>
    <ClInclude Include="..\Public\CCollider_Sphere.h">
      <Filter>01.Utility\11.Resource\05.Collider\02.Sphere</Filter>
    </ClInclude>
    <ClInclude Include="..\Public\FColliderComponent.h">
      <Filter>01.Utility\09.ActorComponent\00.SceneComponent\00.PrimitiveComponent\02.ColliderComponent\99.Data</Filter>
    </ClInclude>
    <ClInclude Include="..\Public\FVertex_Cube.h">
      <Filter>01.Utility\11.Resource\00.VIBuffer\01.Cube\99.Data</Filter>
    </ClInclude>
    <ClInclude Include="..\Public\CSkyBox.h">
      <Filter>01.Utility\08.Actor\04.SkyBox</Filter>
    </ClInclude>
    <ClInclude Include="..\Public\CFont.h">
      <Filter>01.Utility\11.Resource\06.Font</Filter>
    </ClInclude>
    <ClInclude Include="..\Public\CFontManager.h">
      <Filter>01.Utility\11.Resource\06.Font\00.Manager</Filter>
    </ClInclude>
    <ClInclude Include="..\Public\IFontManager.h">
      <Filter>01.Utility\11.Resource\06.Font\00.Manager\98.Interface</Filter>
    </ClInclude>
    <ClInclude Include="..\Public\CVIBuffer_Instancing.h">
      <Filter>01.Utility\11.Resource\00.VIBuffer\04.Instancing</Filter>
    </ClInclude>
    <ClInclude Include="..\Public\CVIBuffer_Instancing_Point.h">
      <Filter>01.Utility\11.Resource\00.VIBuffer\04.Instancing\01.Point</Filter>
    </ClInclude>
    <ClInclude Include="..\Public\CVIBuffer_Instancing_Rect.h">
      <Filter>01.Utility\11.Resource\00.VIBuffer\04.Instancing\00.Rect</Filter>
    </ClInclude>
    <ClInclude Include="..\Public\FVIBuffer_Instancing.h">
      <Filter>01.Utility\11.Resource\00.VIBuffer\04.Instancing\99.Data</Filter>
    </ClInclude>
    <ClInclude Include="..\Public\FVertex_Instancing.h">
      <Filter>01.Utility\11.Resource\00.VIBuffer\04.Instancing\99.Data</Filter>
    </ClInclude>
    <ClInclude Include="..\Public\FVIBuffer_Instancing_Rect.h">
      <Filter>01.Utility\11.Resource\00.VIBuffer\04.Instancing\00.Rect\99.Data</Filter>
    </ClInclude>
    <ClInclude Include="..\Public\CMathUtility.h">
      <Filter>01.Utility\98.Utils\01.Math</Filter>
    </ClInclude>
    <ClInclude Include="..\Public\FVIBuffer_Instancing_Point.h">
      <Filter>01.Utility\11.Resource\00.VIBuffer\04.Instancing\01.Point\99.Data</Filter>
    </ClInclude>
    <ClInclude Include="..\Public\FVertex_Instancing_Rect.h">
      <Filter>01.Utility\11.Resource\00.VIBuffer\04.Instancing\00.Rect\99.Data</Filter>
    </ClInclude>
    <ClInclude Include="..\Public\FVertex_Instancing_Point.h">
      <Filter>01.Utility\11.Resource\00.VIBuffer\04.Instancing\01.Point\99.Data</Filter>
    </ClInclude>
    <ClInclude Include="..\Public\CParticleComponent.h">
      <Filter>01.Utility\09.ActorComponent\00.SceneComponent\00.PrimitiveComponent\03.ParticleComponent</Filter>
    </ClInclude>
    <ClInclude Include="..\Public\FParticleComponent.h">
      <Filter>01.Utility\09.ActorComponent\00.SceneComponent\00.PrimitiveComponent\03.ParticleComponent\99.Data</Filter>
    </ClInclude>
    <ClInclude Include="..\Public\CParticle.h">
      <Filter>01.Utility\08.Actor\05.Particle</Filter>
    </ClInclude>
    <ClInclude Include="..\Public\CRenderer.h">
      <Filter>01.Utility\02.Renderer\01.Renderer</Filter>
    </ClInclude>
    <ClInclude Include="..\Public\CRenderTarget.h">
      <Filter>01.Utility\02.Renderer\00.RenderTarget</Filter>
    </ClInclude>
    <ClInclude Include="..\Public\CTargetManager.h">
      <Filter>01.Utility\02.Renderer\00.RenderTarget\00.Manager</Filter>
    </ClInclude>
    <ClInclude Include="..\Public\ITargetManager.h">
      <Filter>01.Utility\02.Renderer\00.RenderTarget\00.Manager\98.Interface</Filter>
    </ClInclude>
    <ClInclude Include="..\Public\CPicking.h">
      <Filter>01.Utility\12.Tool</Filter>
    </ClInclude>
    <ClInclude Include="..\Public\IPicking.h">
      <Filter>01.Utility\12.Tool\98.Interface</Filter>
    </ClInclude>
    <ClInclude Include="..\Public\CVIBuffer_Cube.h">
      <Filter>01.Utility\11.Resource\00.VIBuffer\01.Cube</Filter>
    </ClInclude>
    <ClInclude Include="..\Public\FSkyBox.h">
      <Filter>01.Utility\08.Actor\04.SkyBox\99.Data</Filter>
    </ClInclude>
    <ClInclude Include="..\Public\FStaticMeshComponent.h">
      <Filter>01.Utility\09.ActorComponent\00.SceneComponent\00.PrimitiveComponent\00.MeshComponent\00.StaticMeshComponent\99.Data</Filter>
    </ClInclude>
    <ClInclude Include="..\Public\CLightComponent.h">
      <Filter>01.Utility\09.ActorComponent\00.SceneComponent\03.LightComponent</Filter>
    </ClInclude>
    <ClInclude Include="..\Public\FLightComponent.h">
      <Filter>01.Utility\09.ActorComponent\00.SceneComponent\03.LightComponent\99.Data</Filter>
    </ClInclude>
    <ClInclude Include="..\Public\CFrustum.h">
      <Filter>01.Utility\04.Frustum</Filter>
    </ClInclude>
    <ClInclude Include="..\Public\IFrustum.h">
      <Filter>01.Utility\04.Frustum\98.Interface</Filter>
    </ClInclude>
    <ClInclude Include="..\Public\CPrimitiveComponent.h">
      <Filter>01.Utility\09.ActorComponent\00.SceneComponent\00.PrimitiveComponent</Filter>
    </ClInclude>
    <ClInclude Include="..\Public\FPrimitiveComponent.h">
      <Filter>01.Utility\09.ActorComponent\00.SceneComponent\00.PrimitiveComponent\99.Data</Filter>
    </ClInclude>
    <ClInclude Include="..\Public\CCubeComponent.h">
      <Filter>01.Utility\09.ActorComponent\00.SceneComponent\00.PrimitiveComponent\04.CubeComponent</Filter>
    </ClInclude>
    <ClInclude Include="..\Public\FCubeComponent.h">
      <Filter>01.Utility\09.ActorComponent\00.SceneComponent\00.PrimitiveComponent\04.CubeComponent\99.Data</Filter>
    </ClInclude>
    <ClInclude Include="..\Public\CUIComponent.h">
      <Filter>01.Utility\09.ActorComponent\00.SceneComponent\00.PrimitiveComponent\05.UIComponent</Filter>
    </ClInclude>
    <ClInclude Include="..\Public\FUIComponent.h">
      <Filter>01.Utility\09.ActorComponent\00.SceneComponent\00.PrimitiveComponent\05.UIComponent\99.Data</Filter>
    </ClInclude>
    <ClInclude Include="..\Public\CAnimStateMachine.h">
      <Filter>01.Utility\10.Animation\00.AnimStateMacine</Filter>
    </ClInclude>
    <ClInclude Include="..\Public\CAnimState.h">
      <Filter>01.Utility\10.Animation\01.AnimState</Filter>
    </ClInclude>
    <ClInclude Include="..\Public\CSoundManager.h">
      <Filter>00.System\02.Sound</Filter>
    </ClInclude>
    <ClInclude Include="..\Public\ISoundManager.h">
      <Filter>00.System\02.Sound\98.Interface</Filter>
    </ClInclude>
    <ClInclude Include="..\Public\EChannel.h">
      <Filter>00.System\02.Sound\99.Data</Filter>
    </ClInclude>
    <ClInclude Include="..\Public\EMaterial.h">
      <Filter>01.Utility\11.Resource\03.Model\02.Material\99.Data</Filter>
    </ClInclude>
  </ItemGroup>
  <ItemGroup>
    <ClCompile Include="..\Private\CTimerManager.cpp">
      <Filter>00.System\01.Timer\00.Manager</Filter>
    </ClCompile>
    <ClCompile Include="..\Private\CTimer.cpp">
      <Filter>00.System\01.Timer</Filter>
    </ClCompile>
    <ClCompile Include="..\Private\CGameInstance.cpp">
      <Filter>01.Utility\00.GameInstance</Filter>
    </ClCompile>
    <ClCompile Include="..\Private\CLevel.cpp">
      <Filter>01.Utility\06.Level</Filter>
    </ClCompile>
    <ClCompile Include="..\Private\CVIBuffer_Rect.cpp">
      <Filter>01.Utility\11.Resource\00.VIBuffer\00.Rect</Filter>
    </ClCompile>
    <ClCompile Include="..\Private\CShader.cpp">
      <Filter>01.Utility\11.Resource\01.Shader</Filter>
    </ClCompile>
    <ClCompile Include="..\Private\CVIBuffer_Terrain.cpp">
      <Filter>01.Utility\11.Resource\00.VIBuffer\02.Terrain</Filter>
    </ClCompile>
    <ClCompile Include="..\Private\CCameraComponent.cpp">
      <Filter>01.Utility\09.ActorComponent\00.SceneComponent\01.CameraComponent</Filter>
    </ClCompile>
    <ClCompile Include="..\Private\CPipeLine.cpp">
      <Filter>01.Utility\03.PipeLine</Filter>
    </ClCompile>
    <ClCompile Include="..\Private\CInputDevice.cpp">
      <Filter>00.System\00.Device\01.Input</Filter>
    </ClCompile>
    <ClCompile Include="..\Private\CGraphicDevice.cpp">
      <Filter>00.System\00.Device\00.Graphic</Filter>
    </ClCompile>
    <ClCompile Include="..\Private\CMaterial.cpp">
      <Filter>01.Utility\11.Resource\03.Model\02.Material</Filter>
    </ClCompile>
    <ClCompile Include="..\Private\CAnimation.cpp">
      <Filter>01.Utility\11.Resource\03.Model\03.Animation</Filter>
    </ClCompile>
    <ClCompile Include="..\Private\CChannel.cpp">
      <Filter>01.Utility\11.Resource\03.Model\03.Animation\00.Channel</Filter>
    </ClCompile>
    <ClCompile Include="..\Private\CVIBuffer_Cell.cpp">
      <Filter>01.Utility\11.Resource\00.VIBuffer\03.Cell</Filter>
    </ClCompile>
    <ClCompile Include="..\Private\CWorld.cpp">
      <Filter>01.Utility\05.World</Filter>
    </ClCompile>
    <ClCompile Include="..\Private\CLayer.cpp">
      <Filter>01.Utility\07.Layer</Filter>
    </ClCompile>
    <ClCompile Include="..\Private\CActor.cpp">
      <Filter>01.Utility\08.Actor</Filter>
    </ClCompile>
    <ClCompile Include="..\Private\CActorComponent.cpp">
      <Filter>01.Utility\09.ActorComponent</Filter>
    </ClCompile>
    <ClCompile Include="..\Private\CSceneComponent.cpp">
      <Filter>01.Utility\09.ActorComponent\00.SceneComponent</Filter>
    </ClCompile>
    <ClCompile Include="..\Private\CCharacterMovementComponent.cpp">
      <Filter>01.Utility\09.ActorComponent\01.MovementComponent\00.CharacterMovementComponent</Filter>
    </ClCompile>
    <ClCompile Include="..\Private\FVertex_PosTex.cpp">
      <Filter>01.Utility\11.Resource\00.VIBuffer\00.Rect\99.Data</Filter>
    </ClCompile>
    <ClCompile Include="..\Private\FVertex_NorTex.cpp">
      <Filter>01.Utility\11.Resource\00.VIBuffer\02.Terrain\99.Data</Filter>
    </ClCompile>
    <ClCompile Include="..\Private\FVertex_Pos.cpp">
      <Filter>01.Utility\11.Resource\00.VIBuffer\03.Cell\99.Data</Filter>
    </ClCompile>
    <ClCompile Include="..\Private\CVIBuffer.cpp">
      <Filter>01.Utility\11.Resource\00.VIBuffer</Filter>
    </ClCompile>
    <ClCompile Include="..\Private\CTexture.cpp">
      <Filter>01.Utility\11.Resource\02.Texture</Filter>
    </ClCompile>
    <ClCompile Include="..\Private\FVertex_SkeletalMesh.cpp">
      <Filter>01.Utility\11.Resource\03.Model\00.Mesh\01.SkeletalMesh\99.Data</Filter>
    </ClCompile>
    <ClCompile Include="..\Private\FVertex_StaticMesh.cpp">
      <Filter>01.Utility\11.Resource\03.Model\00.Mesh\00.StaticMesh\99.Data</Filter>
    </ClCompile>
    <ClCompile Include="..\Private\CMeshComponent.cpp">
      <Filter>01.Utility\09.ActorComponent\00.SceneComponent\00.PrimitiveComponent\00.MeshComponent</Filter>
    </ClCompile>
    <ClCompile Include="..\Private\CSkeleton.cpp">
      <Filter>01.Utility\11.Resource\03.Model\01.Skeleton</Filter>
    </ClCompile>
    <ClCompile Include="..\Private\CBone.cpp">
      <Filter>01.Utility\11.Resource\03.Model\01.Skeleton\00.Bone</Filter>
    </ClCompile>
    <ClCompile Include="..\Private\CStaticMeshComponent.cpp">
      <Filter>01.Utility\09.ActorComponent\00.SceneComponent\00.PrimitiveComponent\00.MeshComponent\00.StaticMeshComponent</Filter>
    </ClCompile>
    <ClCompile Include="..\Private\CSkeletalMeshComponent.cpp">
      <Filter>01.Utility\09.ActorComponent\00.SceneComponent\00.PrimitiveComponent\00.MeshComponent\01.SkeletalMeshComponent</Filter>
    </ClCompile>
    <ClCompile Include="..\Private\CObject.cpp">
      <Filter>01.Utility\99.Base\00.Object</Filter>
    </ClCompile>
    <ClCompile Include="..\Private\CPrototypeManager.cpp">
      <Filter>01.Utility\01.PrototypeManager</Filter>
    </ClCompile>
    <ClCompile Include="..\Private\CLight.cpp">
      <Filter>01.Utility\08.Actor\03.Light</Filter>
    </ClCompile>
    <ClCompile Include="..\Private\CTerrain.cpp">
      <Filter>01.Utility\08.Actor\02.Terrain</Filter>
    </ClCompile>
    <ClCompile Include="..\Private\CCharacter.cpp">
      <Filter>01.Utility\08.Actor\00.Character</Filter>
    </ClCompile>
    <ClCompile Include="..\Private\CMovementComponent.cpp">
      <Filter>01.Utility\09.ActorComponent\01.MovementComponent</Filter>
    </ClCompile>
    <ClCompile Include="..\Private\CTerrainComponent.cpp">
      <Filter>01.Utility\09.ActorComponent\00.SceneComponent\00.PrimitiveComponent\01.TerrainComponent</Filter>
    </ClCompile>
    <ClCompile Include="..\Private\CCamera.cpp">
      <Filter>01.Utility\08.Actor\01.Camera</Filter>
    </ClCompile>
    <ClCompile Include="..\Private\CStaticMesh.cpp">
      <Filter>01.Utility\11.Resource\03.Model\00.Mesh\00.StaticMesh</Filter>
    </ClCompile>
    <ClCompile Include="..\Private\CSkeletalMesh.cpp">
      <Filter>01.Utility\11.Resource\03.Model\00.Mesh\01.SkeletalMesh</Filter>
    </ClCompile>
    <ClCompile Include="..\Private\CMesh.cpp">
      <Filter>01.Utility\11.Resource\03.Model\00.Mesh</Filter>
    </ClCompile>
    <ClCompile Include="..\Private\CFileUtility.cpp">
      <Filter>01.Utility\98.Utils\00.File</Filter>
    </ClCompile>
    <ClCompile Include="..\Private\CSpringArmComponent.cpp">
      <Filter>01.Utility\09.ActorComponent\00.SceneComponent\02.SpringArmComponent</Filter>
    </ClCompile>
    <ClCompile Include="..\Private\CNavigationComponent.cpp">
      <Filter>01.Utility\09.ActorComponent\02.NavigationComponent</Filter>
    </ClCompile>
    <ClCompile Include="..\Private\CColliderComponent.cpp">
      <Filter>01.Utility\09.ActorComponent\00.SceneComponent\00.PrimitiveComponent\02.ColliderComponent</Filter>
    </ClCompile>
    <ClCompile Include="..\Private\CCell.cpp">
      <Filter>01.Utility\11.Resource\04.Navigation\00.Cell</Filter>
    </ClCompile>
    <ClCompile Include="..\Private\DebugDraw.cpp">
      <Filter>01.Utility\11.Resource\99.DebugDraw</Filter>
    </ClCompile>
    <ClCompile Include="..\Private\CCollider.cpp">
      <Filter>01.Utility\11.Resource\05.Collider</Filter>
    </ClCompile>
    <ClCompile Include="..\Private\CCollider_AABB.cpp">
      <Filter>01.Utility\11.Resource\05.Collider\00.AABB</Filter>
    </ClCompile>
    <ClCompile Include="..\Private\CCollider_OBB.cpp">
      <Filter>01.Utility\11.Resource\05.Collider\01.OBB</Filter>
    </ClCompile>
    <ClCompile Include="..\Private\CCollider_Sphere.cpp">
      <Filter>01.Utility\11.Resource\05.Collider\02.Sphere</Filter>
    </ClCompile>
    <ClCompile Include="..\Private\FVertex_Cube.cpp">
      <Filter>01.Utility\11.Resource\00.VIBuffer\01.Cube\99.Data</Filter>
    </ClCompile>
    <ClCompile Include="..\Private\CSkyBox.cpp">
      <Filter>01.Utility\08.Actor\04.SkyBox</Filter>
    </ClCompile>
    <ClCompile Include="..\Private\CFont.cpp">
      <Filter>01.Utility\11.Resource\06.Font</Filter>
    </ClCompile>
    <ClCompile Include="..\Private\CFontManager.cpp">
      <Filter>01.Utility\11.Resource\06.Font\00.Manager</Filter>
    </ClCompile>
    <ClCompile Include="..\Private\CVIBuffer_Instancing.cpp">
      <Filter>01.Utility\11.Resource\00.VIBuffer\04.Instancing</Filter>
    </ClCompile>
    <ClCompile Include="..\Private\CVIBuffer_Instancing_Point.cpp">
      <Filter>01.Utility\11.Resource\00.VIBuffer\04.Instancing\01.Point</Filter>
    </ClCompile>
    <ClCompile Include="..\Private\CVIBuffer_Instancing_Rect.cpp">
      <Filter>01.Utility\11.Resource\00.VIBuffer\04.Instancing\00.Rect</Filter>
    </ClCompile>
    <ClCompile Include="..\Private\CMathUtility.cpp">
      <Filter>01.Utility\98.Utils\01.Math</Filter>
    </ClCompile>
    <ClCompile Include="..\Private\FVertex_Instancing_Rect.cpp">
      <Filter>01.Utility\11.Resource\00.VIBuffer\04.Instancing\00.Rect\99.Data</Filter>
    </ClCompile>
    <ClCompile Include="..\Private\FVertex_Instancing_Point.cpp">
      <Filter>01.Utility\11.Resource\00.VIBuffer\04.Instancing\01.Point\99.Data</Filter>
    </ClCompile>
    <ClCompile Include="..\Private\CParticleComponent.cpp">
      <Filter>01.Utility\09.ActorComponent\00.SceneComponent\00.PrimitiveComponent\03.ParticleComponent</Filter>
    </ClCompile>
    <ClCompile Include="..\Private\CParticle.cpp">
      <Filter>01.Utility\08.Actor\05.Particle</Filter>
    </ClCompile>
    <ClCompile Include="..\Private\CRenderer.cpp">
      <Filter>01.Utility\02.Renderer\01.Renderer</Filter>
    </ClCompile>
    <ClCompile Include="..\Private\CRenderTarget.cpp">
      <Filter>01.Utility\02.Renderer\00.RenderTarget</Filter>
    </ClCompile>
    <ClCompile Include="..\Private\CTargetManager.cpp">
      <Filter>01.Utility\02.Renderer\00.RenderTarget\00.Manager</Filter>
    </ClCompile>
    <ClCompile Include="..\Private\CPicking.cpp">
      <Filter>01.Utility\12.Tool</Filter>
    </ClCompile>
    <ClCompile Include="..\Private\CVIBuffer_Cube.cpp">
      <Filter>01.Utility\11.Resource\00.VIBuffer\01.Cube</Filter>
    </ClCompile>
    <ClCompile Include="..\Private\CLightComponent.cpp">
      <Filter>01.Utility\09.ActorComponent\00.SceneComponent\03.LightComponent</Filter>
    </ClCompile>
    <ClCompile Include="..\Private\CFrustum.cpp">
      <Filter>01.Utility\04.Frustum</Filter>
    </ClCompile>
    <ClCompile Include="..\Private\CPrimitiveComponent.cpp">
      <Filter>01.Utility\09.ActorComponent\00.SceneComponent\00.PrimitiveComponent</Filter>
    </ClCompile>
    <ClCompile Include="..\Private\CCubeComponent.cpp">
      <Filter>01.Utility\09.ActorComponent\00.SceneComponent\00.PrimitiveComponent\04.CubeComponent</Filter>
    </ClCompile>
    <ClCompile Include="..\Private\CUIComponent.cpp">
      <Filter>01.Utility\09.ActorComponent\00.SceneComponent\00.PrimitiveComponent\05.UIComponent</Filter>
    </ClCompile>
    <ClCompile Include="..\Private\CAnimStateMachine.cpp">
      <Filter>01.Utility\10.Animation\00.AnimStateMacine</Filter>
    </ClCompile>
    <ClCompile Include="..\Private\CAnimState.cpp">
      <Filter>01.Utility\10.Animation\01.AnimState</Filter>
    </ClCompile>
    <ClCompile Include="..\Private\CSoundManager.cpp">
      <Filter>00.System\02.Sound</Filter>
    </ClCompile>
  </ItemGroup>
  <ItemGroup>
    <None Include="..\..\Copy.bat">
      <Filter>99.Define\99.Extra\00.Batch</Filter>
    </None>
    <None Include="..\..\Delete.bat">
      <Filter>99.Define\99.Extra\00.Batch</Filter>
    </None>
    <None Include="..\..\Reference\Shader\Shader_Defines.hlsli">
      <Filter>02.ShaderFiles</Filter>
    </None>
  </ItemGroup>
  <ItemGroup>
    <Text Include="..\..\Memo\Class.txt">
      <Filter>99.Define\99.Extra\01.Memo</Filter>
    </Text>
    <Text Include="..\..\Memo\Note.txt">
      <Filter>99.Define\99.Extra\01.Memo</Filter>
    </Text>
  </ItemGroup>
  <ItemGroup>
    <FxCompile Include="..\..\Reference\Shader\Shader_VtxPos.hlsl">
      <Filter>02.ShaderFiles</Filter>
    </FxCompile>
    <FxCompile Include="..\..\Reference\Shader\Shader_Deferred.hlsl">
      <Filter>02.ShaderFiles</Filter>
    </FxCompile>
  </ItemGroup>
</Project>